
Microsoft Visual Studio Solution File, Format Version 12.00
# Visual Studio 15
VisualStudioVersion = 15.0.27130.2026
MinimumVisualStudioVersion = 10.0.40219.1
Project("{FAE04EC0-301F-11D3-BF4B-00C04F79EFBC}") = "ToolBoxControl", "ToolboxControl\ToolBoxControl.csproj", "{0C67AD1F-2ADC-406D-A27B-48260DB13D24}"
EndProject
Project("{FAE04EC0-301F-11D3-BF4B-00C04F79EFBC}") = "ZombiCide", "ZombiCide\ZombiCide.csproj", "{241AE2AC-AD01-4409-A84B-AEBCE64B0B1B}"
EndProject
Project("{2150E333-8FDC-42A3-9474-1A3956D46DE8}") = "SolutionInfos", "SolutionInfos", "{3D662A0C-E5E7-4B08-BEAF-1C8ECB8AC0A4}"
	ProjectSection(SolutionItems) = preProject
		..\.editorconfig = ..\.editorconfig
		..\.gitattributes = ..\.gitattributes
		..\.gitignore = ..\.gitignore
	EndProjectSection
EndProject
Global
	GlobalSection(SolutionConfigurationPlatforms) = preSolution
		Debug|Any CPU = Debug|Any CPU
		Release|Any CPU = Release|Any CPU
	EndGlobalSection
	GlobalSection(ProjectConfigurationPlatforms) = postSolution
		{0C67AD1F-2ADC-406D-A27B-48260DB13D24}.Debug|Any CPU.ActiveCfg = Debug|Any CPU
		{0C67AD1F-2ADC-406D-A27B-48260DB13D24}.Debug|Any CPU.Build.0 = Debug|Any CPU
		{0C67AD1F-2ADC-406D-A27B-48260DB13D24}.Release|Any CPU.ActiveCfg = Release|Any CPU
		{0C67AD1F-2ADC-406D-A27B-48260DB13D24}.Release|Any CPU.Build.0 = Release|Any CPU
		{241AE2AC-AD01-4409-A84B-AEBCE64B0B1B}.Debug|Any CPU.ActiveCfg = Debug|Any CPU
		{241AE2AC-AD01-4409-A84B-AEBCE64B0B1B}.Debug|Any CPU.Build.0 = Debug|Any CPU
		{241AE2AC-AD01-4409-A84B-AEBCE64B0B1B}.Release|Any CPU.ActiveCfg = Release|Any CPU
		{241AE2AC-AD01-4409-A84B-AEBCE64B0B1B}.Release|Any CPU.Build.0 = Release|Any CPU
	EndGlobalSection
	GlobalSection(SolutionProperties) = preSolution
		HideSolutionNode = FALSE
	EndGlobalSection
	GlobalSection(ExtensibilityGlobals) = postSolution
		SolutionGuid = {1487A446-C34A-412F-85F3-93C83CAC1A57}
	EndGlobalSection
EndGlobal
